
Microsoft Visual Studio Solution File, Format Version 12.00
# Visual Studio 14
VisualStudioVersion = 14.0.25123.0
MinimumVisualStudioVersion = 10.0.40219.1
Project("{8BC9CEB8-8B4A-11D0-8D11-00A0C91BC942}") = "FindAllNumbersDisappearedinanArray", "FindAllNumbersDisappearedinanArray\FindAllNumbersDisappearedinanArray.vcxproj", "{BF1F2889-E252-4757-ABBE-DB2BE052E4AB}"
EndProject
Project("{8BC9CEB8-8B4A-11D0-8D11-00A0C91BC942}") = "ContainsDuplicateII", "ContainsDuplicateII\ContainsDuplicateII.vcxproj", "{D472174D-BCE7-4644-9C4B-66648A093962}"
EndProject
Project("{8BC9CEB8-8B4A-11D0-8D11-00A0C91BC942}") = "BestTimetoBuyandSellStock", "BestTimetoBuyandSellStock\BestTimetoBuyandSellStock.vcxproj", "{5C9E4A43-65E6-4E0F-8450-686CF5A98C2E}"
EndProject
Project("{8BC9CEB8-8B4A-11D0-8D11-00A0C91BC942}") = "ThirdMaximumNumber", "ThirdMaximumNumber\ThirdMaximumNumber.vcxproj", "{B5588616-A4FA-44BD-AF07-37C0F3E6DB0F}"
EndProject
Project("{8BC9CEB8-8B4A-11D0-8D11-00A0C91BC942}") = "MajorityElement", "MajorityElement\MajorityElement.vcxproj", "{3187FAFB-737C-49A9-8302-257A08CC6B5C}"
EndProject
Project("{8BC9CEB8-8B4A-11D0-8D11-00A0C91BC942}") = "RotateArray", "RotateArray\RotateArray.vcxproj", "{1E6EF37E-536A-45D3-AB98-44CD414AF8D3}"
EndProject
Project("{8BC9CEB8-8B4A-11D0-8D11-00A0C91BC942}") = "ContainsDuplicate", "ContainsDuplicate\ContainsDuplicate.vcxproj", "{1AF88704-08F3-4704-B944-D1C04C75E881}"
EndProject
Project("{8BC9CEB8-8B4A-11D0-8D11-00A0C91BC942}") = "MoveZeroes", "MoveZeroes\MoveZeroes.vcxproj", "{63B386A6-A07F-4078-8E24-17FD491034C3}"
EndProject
Project("{8BC9CEB8-8B4A-11D0-8D11-00A0C91BC942}") = "MinimumPathSum", "MinimumPathSum\MinimumPathSum.vcxproj", "{54D6A9EE-FEE1-4264-AF2B-5E55F8253FCE}"
EndProject
Project("{8BC9CEB8-8B4A-11D0-8D11-00A0C91BC942}") = "TwoSumII", "TwoSumII\TwoSumII.vcxproj", "{8928CCF8-B27B-4E92-8A4D-A1920731E8A1}"
EndProject
Project("{8BC9CEB8-8B4A-11D0-8D11-00A0C91BC942}") = "FindPeakElement", "FindPeakElement\FindPeakElement.vcxproj", "{9DFB3908-94BD-4E41-BE9F-7B2EC2CF48D4}"
EndProject
Project("{8BC9CEB8-8B4A-11D0-8D11-00A0C91BC942}") = "MinimumSizeSubarraySum", "MinimumSizeSubarraySum\MinimumSizeSubarraySum.vcxproj", "{40749B91-4BC7-4DD9-880D-B9BBDCF106AF}"
EndProject
Project("{8BC9CEB8-8B4A-11D0-8D11-00A0C91BC942}") = "FindMinimuminRotatedSortedArray", "FindMinimuminRotatedSortedArray\FindMinimuminRotatedSortedArray.vcxproj", "{A3E7317C-82D2-4B00-ADC3-69AF06E89D5D}"
EndProject
Project("{8BC9CEB8-8B4A-11D0-8D11-00A0C91BC942}") = "MaximumProductSubarray", "MaximumProductSubarray\MaximumProductSubarray.vcxproj", "{E7A65DA1-C3DE-42D7-A8F0-8B18FE537745}"
EndProject
Project("{8BC9CEB8-8B4A-11D0-8D11-00A0C91BC942}") = "CombinationSumIII", "CombinationSumIII\CombinationSumIII.vcxproj", "{7729A32A-84AF-48DC-9253-093B12267B00}"
EndProject
Project("{8BC9CEB8-8B4A-11D0-8D11-00A0C91BC942}") = "SummaryRanges", "SummaryRanges\SummaryRanges.vcxproj", "{4D3679DB-2917-4052-A8C5-26FC8D817525}"
EndProject
Project("{8BC9CEB8-8B4A-11D0-8D11-00A0C91BC942}") = "LargestRectangleinHistogram", "LargestRectangleinHistogram\LargestRectangleinHistogram.vcxproj", "{5CAA63A0-3264-490D-A178-56E55B0E9999}"
EndProject
Project("{8BC9CEB8-8B4A-11D0-8D11-00A0C91BC942}") = "MajorityElementII", "MajorityElementII\MajorityElementII.vcxproj", "{0F4887EA-6678-46F5-BCD9-AF3607D45D2E}"
EndProject
Project("{8BC9CEB8-8B4A-11D0-8D11-00A0C91BC942}") = "ReverseString", "ReverseString\ReverseString.vcxproj", "{382507C3-84D7-484D-B291-143AB578BECA}"
EndProject
Project("{8BC9CEB8-8B4A-11D0-8D11-00A0C91BC942}") = "RansomNote", "RansomNote\RansomNote.vcxproj", "{1E44F602-DAF9-4E55-92FB-CEEAC1450DE6}"
EndProject
Project("{8BC9CEB8-8B4A-11D0-8D11-00A0C91BC942}") = "HammingDistance", "HammingDistance\HammingDistance.vcxproj", "{A686B0E1-934A-434B-9671-4EB11085D05C}"
EndProject
Project("{8BC9CEB8-8B4A-11D0-8D11-00A0C91BC942}") = "IntegertoRoman", "IntegertoRoman\IntegertoRoman.vcxproj", "{ABB6C000-67C0-43EB-B26D-C73EB3E74ABD}"
EndProject
Project("{8BC9CEB8-8B4A-11D0-8D11-00A0C91BC942}") = "LengthofLastWord", "LengthofLastWord\LengthofLastWord.vcxproj", "{4DD01E19-7E93-4EE7-A3AF-A40739A90A31}"
EndProject
Project("{8BC9CEB8-8B4A-11D0-8D11-00A0C91BC942}") = "ValidPalindrome", "ValidPalindrome\ValidPalindrome.vcxproj", "{0FD3FFE5-7801-4B01-B92C-F4FF1D5DC2C3}"
EndProject
Project("{8BC9CEB8-8B4A-11D0-8D11-00A0C91BC942}") = "TwoSum", "TwoSum\TwoSum.vcxproj", "{D8758385-9668-4557-9D47-7AF29A2B5854}"
EndProject
Project("{8BC9CEB8-8B4A-11D0-8D11-00A0C91BC942}") = "ZigZagConversion", "ZigZagConversion\ZigZagConversion.vcxproj", "{EC239388-B4FD-4347-AF59-49191BDFDF3A}"
EndProject
Global
	GlobalSection(SolutionConfigurationPlatforms) = preSolution
		Debug|x64 = Debug|x64
		Debug|x86 = Debug|x86
		Release|x64 = Release|x64
		Release|x86 = Release|x86
	EndGlobalSection
	GlobalSection(ProjectConfigurationPlatforms) = postSolution
		{BF1F2889-E252-4757-ABBE-DB2BE052E4AB}.Debug|x64.ActiveCfg = Debug|x64
		{BF1F2889-E252-4757-ABBE-DB2BE052E4AB}.Debug|x64.Build.0 = Debug|x64
		{BF1F2889-E252-4757-ABBE-DB2BE052E4AB}.Debug|x86.ActiveCfg = Debug|Win32
		{BF1F2889-E252-4757-ABBE-DB2BE052E4AB}.Debug|x86.Build.0 = Debug|Win32
		{BF1F2889-E252-4757-ABBE-DB2BE052E4AB}.Release|x64.ActiveCfg = Release|x64
		{BF1F2889-E252-4757-ABBE-DB2BE052E4AB}.Release|x64.Build.0 = Release|x64
		{BF1F2889-E252-4757-ABBE-DB2BE052E4AB}.Release|x86.ActiveCfg = Release|Win32
		{BF1F2889-E252-4757-ABBE-DB2BE052E4AB}.Release|x86.Build.0 = Release|Win32
		{D472174D-BCE7-4644-9C4B-66648A093962}.Debug|x64.ActiveCfg = Debug|x64
		{D472174D-BCE7-4644-9C4B-66648A093962}.Debug|x64.Build.0 = Debug|x64
		{D472174D-BCE7-4644-9C4B-66648A093962}.Debug|x86.ActiveCfg = Debug|Win32
		{D472174D-BCE7-4644-9C4B-66648A093962}.Debug|x86.Build.0 = Debug|Win32
		{D472174D-BCE7-4644-9C4B-66648A093962}.Release|x64.ActiveCfg = Release|x64
		{D472174D-BCE7-4644-9C4B-66648A093962}.Release|x64.Build.0 = Release|x64
		{D472174D-BCE7-4644-9C4B-66648A093962}.Release|x86.ActiveCfg = Release|Win32
		{D472174D-BCE7-4644-9C4B-66648A093962}.Release|x86.Build.0 = Release|Win32
		{5C9E4A43-65E6-4E0F-8450-686CF5A98C2E}.Debug|x64.ActiveCfg = Debug|x64
		{5C9E4A43-65E6-4E0F-8450-686CF5A98C2E}.Debug|x64.Build.0 = Debug|x64
		{5C9E4A43-65E6-4E0F-8450-686CF5A98C2E}.Debug|x86.ActiveCfg = Debug|Win32
		{5C9E4A43-65E6-4E0F-8450-686CF5A98C2E}.Debug|x86.Build.0 = Debug|Win32
		{5C9E4A43-65E6-4E0F-8450-686CF5A98C2E}.Release|x64.ActiveCfg = Release|x64
		{5C9E4A43-65E6-4E0F-8450-686CF5A98C2E}.Release|x64.Build.0 = Release|x64
		{5C9E4A43-65E6-4E0F-8450-686CF5A98C2E}.Release|x86.ActiveCfg = Release|Win32
		{5C9E4A43-65E6-4E0F-8450-686CF5A98C2E}.Release|x86.Build.0 = Release|Win32
		{B5588616-A4FA-44BD-AF07-37C0F3E6DB0F}.Debug|x64.ActiveCfg = Debug|x64
		{B5588616-A4FA-44BD-AF07-37C0F3E6DB0F}.Debug|x64.Build.0 = Debug|x64
		{B5588616-A4FA-44BD-AF07-37C0F3E6DB0F}.Debug|x86.ActiveCfg = Debug|Win32
		{B5588616-A4FA-44BD-AF07-37C0F3E6DB0F}.Debug|x86.Build.0 = Debug|Win32
		{B5588616-A4FA-44BD-AF07-37C0F3E6DB0F}.Release|x64.ActiveCfg = Release|x64
		{B5588616-A4FA-44BD-AF07-37C0F3E6DB0F}.Release|x64.Build.0 = Release|x64
		{B5588616-A4FA-44BD-AF07-37C0F3E6DB0F}.Release|x86.ActiveCfg = Release|Win32
		{B5588616-A4FA-44BD-AF07-37C0F3E6DB0F}.Release|x86.Build.0 = Release|Win32
		{3187FAFB-737C-49A9-8302-257A08CC6B5C}.Debug|x64.ActiveCfg = Debug|x64
		{3187FAFB-737C-49A9-8302-257A08CC6B5C}.Debug|x64.Build.0 = Debug|x64
		{3187FAFB-737C-49A9-8302-257A08CC6B5C}.Debug|x86.ActiveCfg = Debug|Win32
		{3187FAFB-737C-49A9-8302-257A08CC6B5C}.Debug|x86.Build.0 = Debug|Win32
		{3187FAFB-737C-49A9-8302-257A08CC6B5C}.Release|x64.ActiveCfg = Release|x64
		{3187FAFB-737C-49A9-8302-257A08CC6B5C}.Release|x64.Build.0 = Release|x64
		{3187FAFB-737C-49A9-8302-257A08CC6B5C}.Release|x86.ActiveCfg = Release|Win32
		{3187FAFB-737C-49A9-8302-257A08CC6B5C}.Release|x86.Build.0 = Release|Win32
		{1E6EF37E-536A-45D3-AB98-44CD414AF8D3}.Debug|x64.ActiveCfg = Debug|x64
		{1E6EF37E-536A-45D3-AB98-44CD414AF8D3}.Debug|x64.Build.0 = Debug|x64
		{1E6EF37E-536A-45D3-AB98-44CD414AF8D3}.Debug|x86.ActiveCfg = Debug|Win32
		{1E6EF37E-536A-45D3-AB98-44CD414AF8D3}.Debug|x86.Build.0 = Debug|Win32
		{1E6EF37E-536A-45D3-AB98-44CD414AF8D3}.Release|x64.ActiveCfg = Release|x64
		{1E6EF37E-536A-45D3-AB98-44CD414AF8D3}.Release|x64.Build.0 = Release|x64
		{1E6EF37E-536A-45D3-AB98-44CD414AF8D3}.Release|x86.ActiveCfg = Release|Win32
		{1E6EF37E-536A-45D3-AB98-44CD414AF8D3}.Release|x86.Build.0 = Release|Win32
		{1AF88704-08F3-4704-B944-D1C04C75E881}.Debug|x64.ActiveCfg = Debug|x64
		{1AF88704-08F3-4704-B944-D1C04C75E881}.Debug|x64.Build.0 = Debug|x64
		{1AF88704-08F3-4704-B944-D1C04C75E881}.Debug|x86.ActiveCfg = Debug|Win32
		{1AF88704-08F3-4704-B944-D1C04C75E881}.Debug|x86.Build.0 = Debug|Win32
		{1AF88704-08F3-4704-B944-D1C04C75E881}.Release|x64.ActiveCfg = Release|x64
		{1AF88704-08F3-4704-B944-D1C04C75E881}.Release|x64.Build.0 = Release|x64
		{1AF88704-08F3-4704-B944-D1C04C75E881}.Release|x86.ActiveCfg = Release|Win32
		{1AF88704-08F3-4704-B944-D1C04C75E881}.Release|x86.Build.0 = Release|Win32
		{63B386A6-A07F-4078-8E24-17FD491034C3}.Debug|x64.ActiveCfg = Debug|x64
		{63B386A6-A07F-4078-8E24-17FD491034C3}.Debug|x64.Build.0 = Debug|x64
		{63B386A6-A07F-4078-8E24-17FD491034C3}.Debug|x86.ActiveCfg = Debug|Win32
		{63B386A6-A07F-4078-8E24-17FD491034C3}.Debug|x86.Build.0 = Debug|Win32
		{63B386A6-A07F-4078-8E24-17FD491034C3}.Release|x64.ActiveCfg = Release|x64
		{63B386A6-A07F-4078-8E24-17FD491034C3}.Release|x64.Build.0 = Release|x64
		{63B386A6-A07F-4078-8E24-17FD491034C3}.Release|x86.ActiveCfg = Release|Win32
		{63B386A6-A07F-4078-8E24-17FD491034C3}.Release|x86.Build.0 = Release|Win32
		{54D6A9EE-FEE1-4264-AF2B-5E55F8253FCE}.Debug|x64.ActiveCfg = Debug|x64
		{54D6A9EE-FEE1-4264-AF2B-5E55F8253FCE}.Debug|x64.Build.0 = Debug|x64
		{54D6A9EE-FEE1-4264-AF2B-5E55F8253FCE}.Debug|x86.ActiveCfg = Debug|Win32
		{54D6A9EE-FEE1-4264-AF2B-5E55F8253FCE}.Debug|x86.Build.0 = Debug|Win32
		{54D6A9EE-FEE1-4264-AF2B-5E55F8253FCE}.Release|x64.ActiveCfg = Release|x64
		{54D6A9EE-FEE1-4264-AF2B-5E55F8253FCE}.Release|x64.Build.0 = Release|x64
		{54D6A9EE-FEE1-4264-AF2B-5E55F8253FCE}.Release|x86.ActiveCfg = Release|Win32
		{54D6A9EE-FEE1-4264-AF2B-5E55F8253FCE}.Release|x86.Build.0 = Release|Win32
		{8928CCF8-B27B-4E92-8A4D-A1920731E8A1}.Debug|x64.ActiveCfg = Debug|x64
		{8928CCF8-B27B-4E92-8A4D-A1920731E8A1}.Debug|x64.Build.0 = Debug|x64
		{8928CCF8-B27B-4E92-8A4D-A1920731E8A1}.Debug|x86.ActiveCfg = Debug|Win32
		{8928CCF8-B27B-4E92-8A4D-A1920731E8A1}.Debug|x86.Build.0 = Debug|Win32
		{8928CCF8-B27B-4E92-8A4D-A1920731E8A1}.Release|x64.ActiveCfg = Release|x64
		{8928CCF8-B27B-4E92-8A4D-A1920731E8A1}.Release|x64.Build.0 = Release|x64
		{8928CCF8-B27B-4E92-8A4D-A1920731E8A1}.Release|x86.ActiveCfg = Release|Win32
		{8928CCF8-B27B-4E92-8A4D-A1920731E8A1}.Release|x86.Build.0 = Release|Win32
		{9DFB3908-94BD-4E41-BE9F-7B2EC2CF48D4}.Debug|x64.ActiveCfg = Debug|x64
		{9DFB3908-94BD-4E41-BE9F-7B2EC2CF48D4}.Debug|x64.Build.0 = Debug|x64
		{9DFB3908-94BD-4E41-BE9F-7B2EC2CF48D4}.Debug|x86.ActiveCfg = Debug|Win32
		{9DFB3908-94BD-4E41-BE9F-7B2EC2CF48D4}.Debug|x86.Build.0 = Debug|Win32
		{9DFB3908-94BD-4E41-BE9F-7B2EC2CF48D4}.Release|x64.ActiveCfg = Release|x64
		{9DFB3908-94BD-4E41-BE9F-7B2EC2CF48D4}.Release|x64.Build.0 = Release|x64
		{9DFB3908-94BD-4E41-BE9F-7B2EC2CF48D4}.Release|x86.ActiveCfg = Release|Win32
		{9DFB3908-94BD-4E41-BE9F-7B2EC2CF48D4}.Release|x86.Build.0 = Release|Win32
		{40749B91-4BC7-4DD9-880D-B9BBDCF106AF}.Debug|x64.ActiveCfg = Debug|x64
		{40749B91-4BC7-4DD9-880D-B9BBDCF106AF}.Debug|x64.Build.0 = Debug|x64
		{40749B91-4BC7-4DD9-880D-B9BBDCF106AF}.Debug|x86.ActiveCfg = Debug|Win32
		{40749B91-4BC7-4DD9-880D-B9BBDCF106AF}.Debug|x86.Build.0 = Debug|Win32
		{40749B91-4BC7-4DD9-880D-B9BBDCF106AF}.Release|x64.ActiveCfg = Release|x64
		{40749B91-4BC7-4DD9-880D-B9BBDCF106AF}.Release|x64.Build.0 = Release|x64
		{40749B91-4BC7-4DD9-880D-B9BBDCF106AF}.Release|x86.ActiveCfg = Release|Win32
		{40749B91-4BC7-4DD9-880D-B9BBDCF106AF}.Release|x86.Build.0 = Release|Win32
		{A3E7317C-82D2-4B00-ADC3-69AF06E89D5D}.Debug|x64.ActiveCfg = Debug|x64
		{A3E7317C-82D2-4B00-ADC3-69AF06E89D5D}.Debug|x64.Build.0 = Debug|x64
		{A3E7317C-82D2-4B00-ADC3-69AF06E89D5D}.Debug|x86.ActiveCfg = Debug|Win32
		{A3E7317C-82D2-4B00-ADC3-69AF06E89D5D}.Debug|x86.Build.0 = Debug|Win32
		{A3E7317C-82D2-4B00-ADC3-69AF06E89D5D}.Release|x64.ActiveCfg = Release|x64
		{A3E7317C-82D2-4B00-ADC3-69AF06E89D5D}.Release|x64.Build.0 = Release|x64
		{A3E7317C-82D2-4B00-ADC3-69AF06E89D5D}.Release|x86.ActiveCfg = Release|Win32
		{A3E7317C-82D2-4B00-ADC3-69AF06E89D5D}.Release|x86.Build.0 = Release|Win32
		{E7A65DA1-C3DE-42D7-A8F0-8B18FE537745}.Debug|x64.ActiveCfg = Debug|x64
		{E7A65DA1-C3DE-42D7-A8F0-8B18FE537745}.Debug|x64.Build.0 = Debug|x64
		{E7A65DA1-C3DE-42D7-A8F0-8B18FE537745}.Debug|x86.ActiveCfg = Debug|Win32
		{E7A65DA1-C3DE-42D7-A8F0-8B18FE537745}.Debug|x86.Build.0 = Debug|Win32
		{E7A65DA1-C3DE-42D7-A8F0-8B18FE537745}.Release|x64.ActiveCfg = Release|x64
		{E7A65DA1-C3DE-42D7-A8F0-8B18FE537745}.Release|x64.Build.0 = Release|x64
		{E7A65DA1-C3DE-42D7-A8F0-8B18FE537745}.Release|x86.ActiveCfg = Release|Win32
		{E7A65DA1-C3DE-42D7-A8F0-8B18FE537745}.Release|x86.Build.0 = Release|Win32
		{7729A32A-84AF-48DC-9253-093B12267B00}.Debug|x64.ActiveCfg = Debug|x64
		{7729A32A-84AF-48DC-9253-093B12267B00}.Debug|x64.Build.0 = Debug|x64
		{7729A32A-84AF-48DC-9253-093B12267B00}.Debug|x86.ActiveCfg = Debug|Win32
		{7729A32A-84AF-48DC-9253-093B12267B00}.Debug|x86.Build.0 = Debug|Win32
		{7729A32A-84AF-48DC-9253-093B12267B00}.Release|x64.ActiveCfg = Release|x64
		{7729A32A-84AF-48DC-9253-093B12267B00}.Release|x64.Build.0 = Release|x64
		{7729A32A-84AF-48DC-9253-093B12267B00}.Release|x86.ActiveCfg = Release|Win32
		{7729A32A-84AF-48DC-9253-093B12267B00}.Release|x86.Build.0 = Release|Win32
		{4D3679DB-2917-4052-A8C5-26FC8D817525}.Debug|x64.ActiveCfg = Debug|x64
		{4D3679DB-2917-4052-A8C5-26FC8D817525}.Debug|x64.Build.0 = Debug|x64
		{4D3679DB-2917-4052-A8C5-26FC8D817525}.Debug|x86.ActiveCfg = Debug|Win32
		{4D3679DB-2917-4052-A8C5-26FC8D817525}.Debug|x86.Build.0 = Debug|Win32
		{4D3679DB-2917-4052-A8C5-26FC8D817525}.Release|x64.ActiveCfg = Release|x64
		{4D3679DB-2917-4052-A8C5-26FC8D817525}.Release|x64.Build.0 = Release|x64
		{4D3679DB-2917-4052-A8C5-26FC8D817525}.Release|x86.ActiveCfg = Release|Win32
		{4D3679DB-2917-4052-A8C5-26FC8D817525}.Release|x86.Build.0 = Release|Win32
		{5CAA63A0-3264-490D-A178-56E55B0E9999}.Debug|x64.ActiveCfg = Debug|x64
		{5CAA63A0-3264-490D-A178-56E55B0E9999}.Debug|x64.Build.0 = Debug|x64
		{5CAA63A0-3264-490D-A178-56E55B0E9999}.Debug|x86.ActiveCfg = Debug|Win32
		{5CAA63A0-3264-490D-A178-56E55B0E9999}.Debug|x86.Build.0 = Debug|Win32
		{5CAA63A0-3264-490D-A178-56E55B0E9999}.Release|x64.ActiveCfg = Release|x64
		{5CAA63A0-3264-490D-A178-56E55B0E9999}.Release|x64.Build.0 = Release|x64
		{5CAA63A0-3264-490D-A178-56E55B0E9999}.Release|x86.ActiveCfg = Release|Win32
		{5CAA63A0-3264-490D-A178-56E55B0E9999}.Release|x86.Build.0 = Release|Win32
		{0F4887EA-6678-46F5-BCD9-AF3607D45D2E}.Debug|x64.ActiveCfg = Debug|x64
		{0F4887EA-6678-46F5-BCD9-AF3607D45D2E}.Debug|x64.Build.0 = Debug|x64
		{0F4887EA-6678-46F5-BCD9-AF3607D45D2E}.Debug|x86.ActiveCfg = Debug|Win32
		{0F4887EA-6678-46F5-BCD9-AF3607D45D2E}.Debug|x86.Build.0 = Debug|Win32
		{0F4887EA-6678-46F5-BCD9-AF3607D45D2E}.Release|x64.ActiveCfg = Release|x64
		{0F4887EA-6678-46F5-BCD9-AF3607D45D2E}.Release|x64.Build.0 = Release|x64
		{0F4887EA-6678-46F5-BCD9-AF3607D45D2E}.Release|x86.ActiveCfg = Release|Win32
		{0F4887EA-6678-46F5-BCD9-AF3607D45D2E}.Release|x86.Build.0 = Release|Win32
		{382507C3-84D7-484D-B291-143AB578BECA}.Debug|x64.ActiveCfg = Debug|x64
		{382507C3-84D7-484D-B291-143AB578BECA}.Debug|x64.Build.0 = Debug|x64
		{382507C3-84D7-484D-B291-143AB578BECA}.Debug|x86.ActiveCfg = Debug|Win32
		{382507C3-84D7-484D-B291-143AB578BECA}.Debug|x86.Build.0 = Debug|Win32
		{382507C3-84D7-484D-B291-143AB578BECA}.Release|x64.ActiveCfg = Release|x64
		{382507C3-84D7-484D-B291-143AB578BECA}.Release|x64.Build.0 = Release|x64
		{382507C3-84D7-484D-B291-143AB578BECA}.Release|x86.ActiveCfg = Release|Win32
		{382507C3-84D7-484D-B291-143AB578BECA}.Release|x86.Build.0 = Release|Win32
		{1E44F602-DAF9-4E55-92FB-CEEAC1450DE6}.Debug|x64.ActiveCfg = Debug|x64
		{1E44F602-DAF9-4E55-92FB-CEEAC1450DE6}.Debug|x64.Build.0 = Debug|x64
		{1E44F602-DAF9-4E55-92FB-CEEAC1450DE6}.Debug|x86.ActiveCfg = Debug|Win32
		{1E44F602-DAF9-4E55-92FB-CEEAC1450DE6}.Debug|x86.Build.0 = Debug|Win32
		{1E44F602-DAF9-4E55-92FB-CEEAC1450DE6}.Release|x64.ActiveCfg = Release|x64
		{1E44F602-DAF9-4E55-92FB-CEEAC1450DE6}.Release|x64.Build.0 = Release|x64
		{1E44F602-DAF9-4E55-92FB-CEEAC1450DE6}.Release|x86.ActiveCfg = Release|Win32
		{1E44F602-DAF9-4E55-92FB-CEEAC1450DE6}.Release|x86.Build.0 = Release|Win32
		{A686B0E1-934A-434B-9671-4EB11085D05C}.Debug|x64.ActiveCfg = Debug|x64
		{A686B0E1-934A-434B-9671-4EB11085D05C}.Debug|x64.Build.0 = Debug|x64
		{A686B0E1-934A-434B-9671-4EB11085D05C}.Debug|x86.ActiveCfg = Debug|Win32
		{A686B0E1-934A-434B-9671-4EB11085D05C}.Debug|x86.Build.0 = Debug|Win32
		{A686B0E1-934A-434B-9671-4EB11085D05C}.Release|x64.ActiveCfg = Release|x64
		{A686B0E1-934A-434B-9671-4EB11085D05C}.Release|x64.Build.0 = Release|x64
		{A686B0E1-934A-434B-9671-4EB11085D05C}.Release|x86.ActiveCfg = Release|Win32
		{A686B0E1-934A-434B-9671-4EB11085D05C}.Release|x86.Build.0 = Release|Win32
		{ABB6C000-67C0-43EB-B26D-C73EB3E74ABD}.Debug|x64.ActiveCfg = Debug|x64
		{ABB6C000-67C0-43EB-B26D-C73EB3E74ABD}.Debug|x64.Build.0 = Debug|x64
		{ABB6C000-67C0-43EB-B26D-C73EB3E74ABD}.Debug|x86.ActiveCfg = Debug|Win32
		{ABB6C000-67C0-43EB-B26D-C73EB3E74ABD}.Debug|x86.Build.0 = Debug|Win32
		{ABB6C000-67C0-43EB-B26D-C73EB3E74ABD}.Release|x64.ActiveCfg = Release|x64
		{ABB6C000-67C0-43EB-B26D-C73EB3E74ABD}.Release|x64.Build.0 = Release|x64
		{ABB6C000-67C0-43EB-B26D-C73EB3E74ABD}.Release|x86.ActiveCfg = Release|Win32
		{ABB6C000-67C0-43EB-B26D-C73EB3E74ABD}.Release|x86.Build.0 = Release|Win32
		{4DD01E19-7E93-4EE7-A3AF-A40739A90A31}.Debug|x64.ActiveCfg = Debug|x64
		{4DD01E19-7E93-4EE7-A3AF-A40739A90A31}.Debug|x64.Build.0 = Debug|x64
		{4DD01E19-7E93-4EE7-A3AF-A40739A90A31}.Debug|x86.ActiveCfg = Debug|Win32
		{4DD01E19-7E93-4EE7-A3AF-A40739A90A31}.Debug|x86.Build.0 = Debug|Win32
		{4DD01E19-7E93-4EE7-A3AF-A40739A90A31}.Release|x64.ActiveCfg = Release|x64
		{4DD01E19-7E93-4EE7-A3AF-A40739A90A31}.Release|x64.Build.0 = Release|x64
		{4DD01E19-7E93-4EE7-A3AF-A40739A90A31}.Release|x86.ActiveCfg = Release|Win32
		{4DD01E19-7E93-4EE7-A3AF-A40739A90A31}.Release|x86.Build.0 = Release|Win32
		{0FD3FFE5-7801-4B01-B92C-F4FF1D5DC2C3}.Debug|x64.ActiveCfg = Debug|x64
		{0FD3FFE5-7801-4B01-B92C-F4FF1D5DC2C3}.Debug|x64.Build.0 = Debug|x64
		{0FD3FFE5-7801-4B01-B92C-F4FF1D5DC2C3}.Debug|x86.ActiveCfg = Debug|Win32
		{0FD3FFE5-7801-4B01-B92C-F4FF1D5DC2C3}.Debug|x86.Build.0 = Debug|Win32
		{0FD3FFE5-7801-4B01-B92C-F4FF1D5DC2C3}.Release|x64.ActiveCfg = Release|x64
		{0FD3FFE5-7801-4B01-B92C-F4FF1D5DC2C3}.Release|x64.Build.0 = Release|x64
		{0FD3FFE5-7801-4B01-B92C-F4FF1D5DC2C3}.Release|x86.ActiveCfg = Release|Win32
		{0FD3FFE5-7801-4B01-B92C-F4FF1D5DC2C3}.Release|x86.Build.0 = Release|Win32
		{D8758385-9668-4557-9D47-7AF29A2B5854}.Debug|x64.ActiveCfg = Debug|x64
		{D8758385-9668-4557-9D47-7AF29A2B5854}.Debug|x64.Build.0 = Debug|x64
		{D8758385-9668-4557-9D47-7AF29A2B5854}.Debug|x86.ActiveCfg = Debug|Win32
		{D8758385-9668-4557-9D47-7AF29A2B5854}.Debug|x86.Build.0 = Debug|Win32
		{D8758385-9668-4557-9D47-7AF29A2B5854}.Release|x64.ActiveCfg = Release|x64
		{D8758385-9668-4557-9D47-7AF29A2B5854}.Release|x64.Build.0 = Release|x64
		{D8758385-9668-4557-9D47-7AF29A2B5854}.Release|x86.ActiveCfg = Release|Win32
		{D8758385-9668-4557-9D47-7AF29A2B5854}.Release|x86.Build.0 = Release|Win32
		{EC239388-B4FD-4347-AF59-49191BDFDF3A}.Debug|x64.ActiveCfg = Debug|x64
		{EC239388-B4FD-4347-AF59-49191BDFDF3A}.Debug|x64.Build.0 = Debug|x64
		{EC239388-B4FD-4347-AF59-49191BDFDF3A}.Debug|x86.ActiveCfg = Debug|Win32
		{EC239388-B4FD-4347-AF59-49191BDFDF3A}.Debug|x86.Build.0 = Debug|Win32
		{EC239388-B4FD-4347-AF59-49191BDFDF3A}.Release|x64.ActiveCfg = Release|x64
		{EC239388-B4FD-4347-AF59-49191BDFDF3A}.Release|x64.Build.0 = Release|x64
		{EC239388-B4FD-4347-AF59-49191BDFDF3A}.Release|x86.ActiveCfg = Release|Win32
		{EC239388-B4FD-4347-AF59-49191BDFDF3A}.Release|x86.Build.0 = Release|Win32
	EndGlobalSection
	GlobalSection(SolutionProperties) = preSolution
		HideSolutionNode = FALSE
	EndGlobalSection
EndGlobal
